
Microsoft Visual Studio Solution File, Format Version 12.00
# Visual Studio Version 17
VisualStudioVersion = 17.8.34408.163
MinimumVisualStudioVersion = 10.0.40219.1
Project("{9A19103F-16F7-4668-BE54-9A1E7A4F7556}") = "BlazorApp1_Site", "BlazorApp1_Site\BlazorApp1_Site.csproj", "{F506062A-3870-4B88-8B6B-AE023B622F06}"
EndProject
Global
	GlobalSection(SolutionConfigurationPlatforms) = preSolution
		Debug|Any CPU = Debug|Any CPU
		Release|Any CPU = Release|Any CPU
	EndGlobalSection
	GlobalSection(ProjectConfigurationPlatforms) = postSolution
		{F506062A-3870-4B88-8B6B-AE023B622F06}.Debug|Any CPU.ActiveCfg = Debug|Any CPU
		{F506062A-3870-4B88-8B6B-AE023B622F06}.Debug|Any CPU.Build.0 = Debug|Any CPU
		{F506062A-3870-4B88-8B6B-AE023B622F06}.Release|Any CPU.ActiveCfg = Release|Any CPU
		{F506062A-3870-4B88-8B6B-AE023B622F06}.Release|Any CPU.Build.0 = Release|Any CPU
	EndGlobalSection
	GlobalSection(SolutionProperties) = preSolution
		HideSolutionNode = FALSE
	EndGlobalSection
	GlobalSection(ExtensibilityGlobals) = postSolution
		SolutionGuid = {DA3EE6EC-C703-4DDF-B4CA-AA510A448ED2}
	EndGlobalSection
EndGlobal
